
Microsoft Visual Studio Solution File, Format Version 12.00
# Visual Studio Version 16
VisualStudioVersion = 16.0.30523.141
MinimumVisualStudioVersion = 10.0.40219.1
Project("{888888A0-9F3D-457C-B088-3A5042F75D52}") = "PyOlympicTasks", "PyOlympicTasks\PyOlympicTasks.pyproj", "{D4160FF9-6C82-4050-AA76-178AB5DE2546}"
EndProject
Global
	GlobalSection(SolutionConfigurationPlatforms) = preSolution
		Debug|Any CPU = Debug|Any CPU
		Release|Any CPU = Release|Any CPU
	EndGlobalSection
	GlobalSection(ProjectConfigurationPlatforms) = postSolution
		{D4160FF9-6C82-4050-AA76-178AB5DE2546}.Debug|Any CPU.ActiveCfg = Debug|Any CPU
		{D4160FF9-6C82-4050-AA76-178AB5DE2546}.Release|Any CPU.ActiveCfg = Release|Any CPU
	EndGlobalSection
	GlobalSection(SolutionProperties) = preSolution
		HideSolutionNode = FALSE
	EndGlobalSection
	GlobalSection(ExtensibilityGlobals) = postSolution
		SolutionGuid = {714579AE-62EE-4106-9206-2063AB6627FD}
	EndGlobalSection
EndGlobal
